
Microsoft Visual Studio Solution File, Format Version 12.00
# Visual Studio Version 17
VisualStudioVersion = 17.9.34310.174
MinimumVisualStudioVersion = 10.0.40219.1
Project("{FAE04EC0-301F-11D3-BF4B-00C04F79EFBC}") = "Airlines_Тепляков", "Airlines_Тепляков\Airlines_Тепляков.csproj", "{A3B02FC8-7CA2-4F1C-8BAC-9F1A5C3DC19D}"
EndProject
Global
	GlobalSection(SolutionConfigurationPlatforms) = preSolution
		Debug|Any CPU = Debug|Any CPU
		Release|Any CPU = Release|Any CPU
	EndGlobalSection
	GlobalSection(ProjectConfigurationPlatforms) = postSolution
		{A3B02FC8-7CA2-4F1C-8BAC-9F1A5C3DC19D}.Debug|Any CPU.ActiveCfg = Debug|Any CPU
		{A3B02FC8-7CA2-4F1C-8BAC-9F1A5C3DC19D}.Debug|Any CPU.Build.0 = Debug|Any CPU
		{A3B02FC8-7CA2-4F1C-8BAC-9F1A5C3DC19D}.Release|Any CPU.ActiveCfg = Release|Any CPU
		{A3B02FC8-7CA2-4F1C-8BAC-9F1A5C3DC19D}.Release|Any CPU.Build.0 = Release|Any CPU
	EndGlobalSection
	GlobalSection(SolutionProperties) = preSolution
		HideSolutionNode = FALSE
	EndGlobalSection
	GlobalSection(ExtensibilityGlobals) = postSolution
		SolutionGuid = {44E48C9A-D86B-4430-8B0E-E86169E8048C}
	EndGlobalSection
EndGlobal
